// !$*UTF8*$!
{
	archiveVersion = 1;
	classes = {
	};
	objectVersion = 50;
	objects = {

/* Begin PBXBuildFile section */
		810F85F2223E4765002565D9 /* MenuTableViewCell.swift in Sources */ = {isa = PBXBuildFile; fileRef = 810F85F1223E4765002565D9 /* MenuTableViewCell.swift */; };
		81409FC121FCA7D4009921EE /* spaceMusic.mp3 in Resources */ = {isa = PBXBuildFile; fileRef = 81409FC021FCA7D4009921EE /* spaceMusic.mp3 */; };
		814DE39921D94BEF00FDB749 /* AppDelegate.swift in Sources */ = {isa = PBXBuildFile; fileRef = 814DE39821D94BEF00FDB749 /* AppDelegate.swift */; };
		814DE39B21D94BEF00FDB749 /* art.scnassets in Resources */ = {isa = PBXBuildFile; fileRef = 814DE39A21D94BEF00FDB749 /* art.scnassets */; };
		814DE39D21D94BEF00FDB749 /* GameViewController.swift in Sources */ = {isa = PBXBuildFile; fileRef = 814DE39C21D94BEF00FDB749 /* GameViewController.swift */; };
		814DE3A021D94BEF00FDB749 /* Main.storyboard in Resources */ = {isa = PBXBuildFile; fileRef = 814DE39E21D94BEF00FDB749 /* Main.storyboard */; };
		814DE3A221D94BF100FDB749 /* Assets.xcassets in Resources */ = {isa = PBXBuildFile; fileRef = 814DE3A121D94BF100FDB749 /* Assets.xcassets */; };
		814DE3A521D94BF100FDB749 /* LaunchScreen.storyboard in Resources */ = {isa = PBXBuildFile; fileRef = 814DE3A321D94BF100FDB749 /* LaunchScreen.storyboard */; };
		815CC3D6223AEE3E00FFDB2D /* ViewController.swift in Sources */ = {isa = PBXBuildFile; fileRef = 815CC3D5223AEE3E00FFDB2D /* ViewController.swift */; };
/* End PBXBuildFile section */

/* Begin PBXFileReference section */
		810F85F1223E4765002565D9 /* MenuTableViewCell.swift */ = {isa = PBXFileReference; lastKnownFileType = sourcecode.swift; path = MenuTableViewCell.swift; sourceTree = "<group>"; };
		81409FC021FCA7D4009921EE /* spaceMusic.mp3 */ = {isa = PBXFileReference; lastKnownFileType = audio.mp3; path = spaceMusic.mp3; sourceTree = "<group>"; };
		814DE39521D94BEF00FDB749 /* Space Emulator.app */ = {isa = PBXFileReference; explicitFileType = wrapper.application; includeInIndex = 0; path = "Space Emulator.app"; sourceTree = BUILT_PRODUCTS_DIR; };
		814DE39821D94BEF00FDB749 /* AppDelegate.swift */ = {isa = PBXFileReference; lastKnownFileType = sourcecode.swift; path = AppDelegate.swift; sourceTree = "<group>"; };
		814DE39A21D94BEF00FDB749 /* art.scnassets */ = {isa = PBXFileReference; lastKnownFileType = wrapper.scnassets; path = art.scnassets; sourceTree = "<group>"; };
		814DE39C21D94BEF00FDB749 /* GameViewController.swift */ = {isa = PBXFileReference; lastKnownFileType = sourcecode.swift; path = GameViewController.swift; sourceTree = "<group>"; };
		814DE39F21D94BEF00FDB749 /* Base */ = {isa = PBXFileReference; lastKnownFileType = file.storyboard; name = Base; path = Base.lproj/Main.storyboard; sourceTree = "<group>"; };
		814DE3A121D94BF100FDB749 /* Assets.xcassets */ = {isa = PBXFileReference; lastKnownFileType = folder.assetcatalog; path = Assets.xcassets; sourceTree = "<group>"; };
		814DE3A421D94BF100FDB749 /* Base */ = {isa = PBXFileReference; lastKnownFileType = file.storyboard; name = Base; path = Base.lproj/LaunchScreen.storyboard; sourceTree = "<group>"; };
		814DE3A621D94BF100FDB749 /* Info.plist */ = {isa = PBXFileReference; lastKnownFileType = text.plist.xml; path = Info.plist; sourceTree = "<group>"; };
		815CC3D5223AEE3E00FFDB2D /* ViewController.swift */ = {isa = PBXFileReference; lastKnownFileType = sourcecode.swift; path = ViewController.swift; sourceTree = "<group>"; };
/* End PBXFileReference section */

/* Begin PBXFrameworksBuildPhase section */
		814DE39221D94BEF00FDB749 /* Frameworks */ = {
			isa = PBXFrameworksBuildPhase;
			buildActionMask = 2147483647;
			files = (
			);
			runOnlyForDeploymentPostprocessing = 0;
		};
/* End PBXFrameworksBuildPhase section */

/* Begin PBXGroup section */
		814DE38C21D94BEF00FDB749 = {
			isa = PBXGroup;
			children = (
				814DE39721D94BEF00FDB749 /* Space Emulator */,
				814DE39621D94BEF00FDB749 /* Products */,
			);
			sourceTree = "<group>";
		};
		814DE39621D94BEF00FDB749 /* Products */ = {
			isa = PBXGroup;
			children = (
				814DE39521D94BEF00FDB749 /* Space Emulator.app */,
			);
			name = Products;
			sourceTree = "<group>";
		};
		814DE39721D94BEF00FDB749 /* Space Emulator */ = {
			isa = PBXGroup;
			children = (
				814DE39821D94BEF00FDB749 /* AppDelegate.swift */,
				81409FC021FCA7D4009921EE /* spaceMusic.mp3 */,
				814DE39A21D94BEF00FDB749 /* art.scnassets */,
				814DE39C21D94BEF00FDB749 /* GameViewController.swift */,
				814DE39E21D94BEF00FDB749 /* Main.storyboard */,
				815CC3D5223AEE3E00FFDB2D /* ViewController.swift */,
				810F85F1223E4765002565D9 /* MenuTableViewCell.swift */,
				814DE3A121D94BF100FDB749 /* Assets.xcassets */,
				814DE3A321D94BF100FDB749 /* LaunchScreen.storyboard */,
				814DE3A621D94BF100FDB749 /* Info.plist */,
			);
			path = "Space Emulator";
			sourceTree = "<group>";
		};
/* End PBXGroup section */

/* Begin PBXNativeTarget section */
		814DE39421D94BEF00FDB749 /* Space Emulator */ = {
			isa = PBXNativeTarget;
			buildConfigurationList = 814DE3A921D94BF100FDB749 /* Build configuration list for PBXNativeTarget "Space Emulator" */;
			buildPhases = (
				814DE39121D94BEF00FDB749 /* Sources */,
				814DE39221D94BEF00FDB749 /* Frameworks */,
				814DE39321D94BEF00FDB749 /* Resources */,
			);
			buildRules = (
			);
			dependencies = (
			);
			name = "Space Emulator";
			productName = "Space Emulator";
			productReference = 814DE39521D94BEF00FDB749 /* Space Emulator.app */;
			productType = "com.apple.product-type.application";
		};
/* End PBXNativeTarget section */

/* Begin PBXProject section */
		814DE38D21D94BEF00FDB749 /* Project object */ = {
			isa = PBXProject;
			attributes = {
				LastSwiftUpdateCheck = 1010;
				LastUpgradeCheck = 1010;
				ORGANIZATIONNAME = Rusdev;
				TargetAttributes = {
					814DE39421D94BEF00FDB749 = {
						CreatedOnToolsVersion = 10.1;
					};
				};
			};
			buildConfigurationList = 814DE39021D94BEF00FDB749 /* Build configuration list for PBXProject "Space Emulator" */;
			compatibilityVersion = "Xcode 9.3";
			developmentRegion = en;
			hasScannedForEncodings = 0;
			knownRegions = (
				en,
				Base,
			);
			mainGroup = 814DE38C21D94BEF00FDB749;
			productRefGroup = 814DE39621D94BEF00FDB749 /* Products */;
			projectDirPath = "";
			projectRoot = "";
			targets = (
				814DE39421D94BEF00FDB749 /* Space Emulator */,
			);
		};
/* End PBXProject section */

/* Begin PBXResourcesBuildPhase section */
		814DE39321D94BEF00FDB749 /* Resources */ = {
			isa = PBXResourcesBuildPhase;
			buildActionMask = 2147483647;
			files = (
				814DE39B21D94BEF00FDB749 /* art.scnassets in Resources */,
				814DE3A521D94BF100FDB749 /* LaunchScreen.storyboard in Resources */,
				814DE3A221D94BF100FDB749 /* Assets.xcassets in Resources */,
				814DE3A021D94BEF00FDB749 /* Main.storyboard in Resources */,
				81409FC121FCA7D4009921EE /* spaceMusic.mp3 in Resources */,
			);
			runOnlyForDeploymentPostprocessing = 0;
		};
/* End PBXResourcesBuildPhase section */

/* Begin PBXSourcesBuildPhase section */
		814DE39121D94BEF00FDB749 /* Sources */ = {
			isa = PBXSourcesBuildPhase;
			buildActionMask = 2147483647;
			files = (
				815CC3D6223AEE3E00FFDB2D /* ViewController.swift in Sources */,
				814DE39D21D94BEF00FDB749 /* GameViewController.swift in Sources */,
				810F85F2223E4765002565D9 /* MenuTableViewCell.swift in Sources */,
				814DE39921D94BEF00FDB749 /* AppDelegate.swift in Sources */,
			);
			runOnlyForDeploymentPostprocessing = 0;
		};
/* End PBXSourcesBuildPhase section */

/* Begin PBXVariantGroup section */
		814DE39E21D94BEF00FDB749 /* Main.storyboard */ = {
			isa = PBXVariantGroup;
			children = (
				814DE39F21D94BEF00FDB749 /* Base */,
			);
			name = Main.storyboard;
			sourceTree = "<group>";
		};
		814DE3A321D94BF100FDB749 /* LaunchScreen.storyboard */ = {
			isa = PBXVariantGroup;
			children = (
				814DE3A421D94BF100FDB749 /* Base */,
			);
			name = LaunchScreen.storyboard;
			sourceTree = "<group>";
		};
/* End PBXVariantGroup section */

/* Begin XCBuildConfiguration section */
		814DE3A721D94BF100FDB749 /* Debug */ = {
			isa = XCBuildConfiguration;
			buildSettings = {
				ALWAYS_SEARCH_USER_PATHS = NO;
				CLANG_ANALYZER_NONNULL = YES;
				CLANG_ANALYZER_NUMBER_OBJECT_CONVERSION = YES_AGGRESSIVE;
				CLANG_CXX_LANGUAGE_STANDARD = "gnu++14";
				CLANG_CXX_LIBRARY = "libc++";
				CLANG_ENABLE_MODULES = YES;
				CLANG_ENABLE_OBJC_ARC = YES;
				CLANG_ENABLE_OBJC_WEAK = YES;
				CLANG_WARN_BLOCK_CAPTURE_AUTORELEASING = YES;
				CLANG_WARN_BOOL_CONVERSION = YES;
				CLANG_WARN_COMMA = YES;
				CLANG_WARN_CONSTANT_CONVERSION = YES;
				CLANG_WARN_DEPRECATED_OBJC_IMPLEMENTATIONS = YES;
				CLANG_WARN_DIRECT_OBJC_ISA_USAGE = YES_ERROR;
				CLANG_WARN_DOCUMENTATION_COMMENTS = YES;
				CLANG_WARN_EMPTY_BODY = YES;
				CLANG_WARN_ENUM_CONVERSION = YES;
				CLANG_WARN_INFINITE_RECURSION = YES;
				CLANG_WARN_INT_CONVERSION = YES;
				CLANG_WARN_NON_LITERAL_NULL_CONVERSION = YES;
				CLANG_WARN_OBJC_IMPLICIT_RETAIN_SELF = YES;
				CLANG_WARN_OBJC_LITERAL_CONVERSION = YES;
				CLANG_WARN_OBJC_ROOT_CLASS = YES_ERROR;
				CLANG_WARN_RANGE_LOOP_ANALYSIS = YES;
				CLANG_WARN_STRICT_PROTOTYPES = YES;
				CLANG_WARN_SUSPICIOUS_MOVE = YES;
				CLANG_WARN_UNGUARDED_AVAILABILITY = YES_AGGRESSIVE;
				CLANG_WARN_UNREACHABLE_CODE = YES;
				CLANG_WARN__DUPLICATE_METHOD_MATCH = YES;
				CODE_SIGN_IDENTITY = "iPhone Developer";
				COPY_PHASE_STRIP = NO;
				DEBUG_INFORMATION_FORMAT = dwarf;
				ENABLE_STRICT_OBJC_MSGSEND = YES;
				ENABLE_TESTABILITY = YES;
				GCC_C_LANGUAGE_STANDARD = gnu11;
				GCC_DYNAMIC_NO_PIC = NO;
				GCC_NO_COMMON_BLOCKS = YES;
				GCC_OPTIMIZATION_LEVEL = 0;
				GCC_PREPROCESSOR_DEFINITIONS = (
					"DEBUG=1",
					"$(inherited)",
				);
				GCC_WARN_64_TO_32_BIT_CONVERSION = YES;
				GCC_WARN_ABOUT_RETURN_TYPE = YES_ERROR;
				GCC_WARN_UNDECLARED_SELECTOR = YES;
				GCC_WARN_UNINITIALIZED_AUTOS = YES_AGGRESSIVE;
				GCC_WARN_UNUSED_FUNCTION = YES;
				GCC_WARN_UNUSED_VARIABLE = YES;
				IPHONEOS_DEPLOYMENT_TARGET = 12.1;
				MTL_ENABLE_DEBUG_INFO = INCLUDE_SOURCE;
				MTL_FAST_MATH = YES;
				ONLY_ACTIVE_ARCH = YES;
				SDKROOT = iphoneos;
				SWIFT_ACTIVE_COMPILATION_CONDITIONS = DEBUG;
				SWIFT_OPTIMIZATION_LEVEL = "-Onone";
			};
			name = Debug;
		};
		814DE3A821D94BF100FDB749 /* Release */ = {
			isa = XCBuildConfiguration;
			buildSettings = {
				ALWAYS_SEARCH_USER_PATHS = NO;
				CLANG_ANALYZER_NONNULL = YES;
				CLANG_ANALYZER_NUMBER_OBJECT_CONVERSION = YES_AGGRESSIVE;
				CLANG_CXX_LANGUAGE_STANDARD = "gnu++14";
				CLANG_CXX_LIBRARY = "libc++";
				CLANG_ENABLE_MODULES = YES;
				CLANG_ENABLE_OBJC_ARC = YES;
				CLANG_ENABLE_OBJC_WEAK = YES;
				CLANG_WARN_BLOCK_CAPTURE_AUTORELEASING = YES;
				CLANG_WARN_BOOL_CONVERSION = YES;
				CLANG_WARN_COMMA = YES;
				CLANG_WARN_CONSTANT_CONVERSION = YES;
				CLANG_WARN_DEPRECATED_OBJC_IMPLEMENTATIONS = YES;
				CLANG_WARN_DIRECT_OBJC_ISA_USAGE = YES_ERROR;
				CLANG_WARN_DOCUMENTATION_COMMENTS = YES;
				CLANG_WARN_EMPTY_BODY = YES;
				CLANG_WARN_ENUM_CONVERSION = YES;
				CLANG_WARN_INFINITE_RECURSION = YES;
				CLANG_WARN_INT_CONVERSION = YES;
				CLANG_WARN_NON_LITERAL_NULL_CONVERSION = YES;
				CLANG_WARN_OBJC_IMPLICIT_RETAIN_SELF = YES;
				CLANG_WARN_OBJC_LITERAL_CONVERSION = YES;
				CLANG_WARN_OBJC_ROOT_CLASS = YES_ERROR;
				CLANG_WARN_RANGE_LOOP_ANALYSIS = YES;
				CLANG_WARN_STRICT_PROTOTYPES = YES;
				CLANG_WARN_SUSPICIOUS_MOVE = YES;
				CLANG_WARN_UNGUARDED_AVAILABILITY = YES_AGGRESSIVE;
				CLANG_WARN_UNREACHABLE_CODE = YES;
				CLANG_WARN__DUPLICATE_METHOD_MATCH = YES;
				CODE_SIGN_IDENTITY = "iPhone Developer";
				COPY_PHASE_STRIP = NO;
				DEBUG_INFORMATION_FORMAT = "dwarf-with-dsym";
				ENABLE_NS_ASSERTIONS = NO;
				ENABLE_STRICT_OBJC_MSGSEND = YES;
				GCC_C_LANGUAGE_STANDARD = gnu11;
				GCC_NO_COMMON_BLOCKS = YES;
				GCC_WARN_64_TO_32_BIT_CONVERSION = YES;
				GCC_WARN_ABOUT_RETURN_TYPE = YES_ERROR;
				GCC_WARN_UNDECLARED_SELECTOR = YES;
				GCC_WARN_UNINITIALIZED_AUTOS = YES_AGGRESSIVE;
				GCC_WARN_UNUSED_FUNCTION = YES;
				GCC_WARN_UNUSED_VARIABLE = YES;
				IPHONEOS_DEPLOYMENT_TARGET = 12.1;
				MTL_ENABLE_DEBUG_INFO = NO;
				MTL_FAST_MATH = YES;
				SDKROOT = iphoneos;
				SWIFT_COMPILATION_MODE = wholemodule;
				SWIFT_OPTIMIZATION_LEVEL = "-O";
				VALIDATE_PRODUCT = YES;
			};
			name = Release;
		};
		814DE3AA21D94BF100FDB749 /* Debug */ = {
			isa = XCBuildConfiguration;
			buildSettings = {
				ASSETCATALOG_COMPILER_APPICON_NAME = AppIcon;
				CODE_SIGN_STYLE = Automatic;
				DEVELOPMENT_TEAM = 7L74RJGVS4;
				INFOPLIST_FILE = "Space Emulator/Info.plist";
				IPHONEOS_DEPLOYMENT_TARGET = 12.1;
				LD_RUNPATH_SEARCH_PATHS = (
					"$(inherited)",
					"@executable_path/Frameworks",
				);
				PRODUCT_BUNDLE_IDENTIFIER = "nik.Space-Emulator";
				PRODUCT_NAME = "$(TARGET_NAME)";
				SWIFT_VERSION = 4.2;
				TARGETED_DEVICE_FAMILY = "1,2";
			};
			name = Debug;
		};
		814DE3AB21D94BF100FDB749 /* Release */ = {
			isa = XCBuildConfiguration;
			buildSettings = {
				ASSETCATALOG_COMPILER_APPICON_NAME = AppIcon;
				CODE_SIGN_STYLE = Automatic;
				DEVELOPMENT_TEAM = 7L74RJGVS4;
				INFOPLIST_FILE = "Space Emulator/Info.plist";
				IPHONEOS_DEPLOYMENT_TARGET = 12.1;
				LD_RUNPATH_SEARCH_PATHS = (
					"$(inherited)",
					"@executable_path/Frameworks",
				);
				PRODUCT_BUNDLE_IDENTIFIER = "nik.Space-Emulator";
				PRODUCT_NAME = "$(TARGET_NAME)";
				SWIFT_VERSION = 4.2;
				TARGETED_DEVICE_FAMILY = "1,2";
			};
			name = Release;
		};
/* End XCBuildConfiguration section */

/* Begin XCConfigurationList section */
		814DE39021D94BEF00FDB749 /* Build configuration list for PBXProject "Space Emulator" */ = {
			isa = XCConfigurationList;
			buildConfigurations = (
				814DE3A721D94BF100FDB749 /* Debug */,
				814DE3A821D94BF100FDB749 /* Release */,
			);
			defaultConfigurationIsVisible = 0;
			defaultConfigurationName = Release;
		};
		814DE3A921D94BF100FDB749 /* Build configuration list for PBXNativeTarget "Space Emulator" */ = {
			isa = XCConfigurationList;
			buildConfigurations = (
				814DE3AA21D94BF100FDB749 /* Debug */,
				814DE3AB21D94BF100FDB749 /* Release */,
			);
			defaultConfigurationIsVisible = 0;
			defaultConfigurationName = Release;
		};
/* End XCConfigurationList section */
	};
	rootObject = 814DE38D21D94BEF00FDB749 /* Project object */;
}
